
Microsoft Visual Studio Solution File, Format Version 12.00
# Visual Studio 15
VisualStudioVersion = 15.0.28307.705
MinimumVisualStudioVersion = 10.0.40219.1
Project("{FAE04EC0-301F-11D3-BF4B-00C04F79EFBC}") = "ATM.WebUI", "ATM.WebUI\ATM.WebUI.csproj", "{2823E165-1274-42F8-92A0-52F14ACA3CEA}"
EndProject
Project("{FAE04EC0-301F-11D3-BF4B-00C04F79EFBC}") = "ATM.DataAccess", "ATM.DataAccess\ATM.DataAccess.csproj", "{8777A361-1E43-460A-8C5A-9A1111886A36}"
EndProject
Project("{FAE04EC0-301F-11D3-BF4B-00C04F79EFBC}") = "ATM.BusinessLogic", "ATM.BusinessLogic\ATM.BusinessLogic.csproj", "{3310F166-7A69-4E60-B81D-5BC5E4254CA7}"
EndProject
Global
	GlobalSection(SolutionConfigurationPlatforms) = preSolution
		Debug|Any CPU = Debug|Any CPU
		Release|Any CPU = Release|Any CPU
	EndGlobalSection
	GlobalSection(ProjectConfigurationPlatforms) = postSolution
		{2823E165-1274-42F8-92A0-52F14ACA3CEA}.Debug|Any CPU.ActiveCfg = Debug|Any CPU
		{2823E165-1274-42F8-92A0-52F14ACA3CEA}.Debug|Any CPU.Build.0 = Debug|Any CPU
		{2823E165-1274-42F8-92A0-52F14ACA3CEA}.Release|Any CPU.ActiveCfg = Release|Any CPU
		{2823E165-1274-42F8-92A0-52F14ACA3CEA}.Release|Any CPU.Build.0 = Release|Any CPU
		{8777A361-1E43-460A-8C5A-9A1111886A36}.Debug|Any CPU.ActiveCfg = Debug|Any CPU
		{8777A361-1E43-460A-8C5A-9A1111886A36}.Debug|Any CPU.Build.0 = Debug|Any CPU
		{8777A361-1E43-460A-8C5A-9A1111886A36}.Release|Any CPU.ActiveCfg = Release|Any CPU
		{8777A361-1E43-460A-8C5A-9A1111886A36}.Release|Any CPU.Build.0 = Release|Any CPU
		{3310F166-7A69-4E60-B81D-5BC5E4254CA7}.Debug|Any CPU.ActiveCfg = Debug|Any CPU
		{3310F166-7A69-4E60-B81D-5BC5E4254CA7}.Debug|Any CPU.Build.0 = Debug|Any CPU
		{3310F166-7A69-4E60-B81D-5BC5E4254CA7}.Release|Any CPU.ActiveCfg = Release|Any CPU
		{3310F166-7A69-4E60-B81D-5BC5E4254CA7}.Release|Any CPU.Build.0 = Release|Any CPU
	EndGlobalSection
	GlobalSection(SolutionProperties) = preSolution
		HideSolutionNode = FALSE
	EndGlobalSection
	GlobalSection(ExtensibilityGlobals) = postSolution
		SolutionGuid = {5DE2DD71-942A-48E8-A9B9-FB781921F02A}
	EndGlobalSection
EndGlobal
